// !$*UTF8*$!
{
	archiveVersion = 1;
	classes = {
	};
	objectVersion = 46;
	objects = {

/* Begin PBXBuildFile section */
		EBFF547F1B390B59006972D7 /* main.m in Sources */ = {isa = PBXBuildFile; fileRef = EBFF547E1B390B59006972D7 /* main.m */; };
		EBFF54821B390B59006972D7 /* AppDelegate.m in Sources */ = {isa = PBXBuildFile; fileRef = EBFF54811B390B59006972D7 /* AppDelegate.m */; };
		EBFF54851B390B59006972D7 /* GameScene.m in Sources */ = {isa = PBXBuildFile; fileRef = EBFF54841B390B59006972D7 /* GameScene.m */; };
		EBFF54871B390B59006972D7 /* GameScene.sks in Resources */ = {isa = PBXBuildFile; fileRef = EBFF54861B390B59006972D7 /* GameScene.sks */; };
		EBFF548A1B390B59006972D7 /* GameViewController.m in Sources */ = {isa = PBXBuildFile; fileRef = EBFF54891B390B59006972D7 /* GameViewController.m */; };
		EBFF548D1B390B59006972D7 /* Main.storyboard in Resources */ = {isa = PBXBuildFile; fileRef = EBFF548B1B390B59006972D7 /* Main.storyboard */; };
		EBFF548F1B390B59006972D7 /* Images.xcassets in Resources */ = {isa = PBXBuildFile; fileRef = EBFF548E1B390B59006972D7 /* Images.xcassets */; };
		EBFF54921B390B59006972D7 /* LaunchScreen.xib in Resources */ = {isa = PBXBuildFile; fileRef = EBFF54901B390B59006972D7 /* LaunchScreen.xib */; };
		EBFF549E1B390B59006972D7 /* PuzzleQuestTests.m in Sources */ = {isa = PBXBuildFile; fileRef = EBFF549D1B390B59006972D7 /* PuzzleQuestTests.m */; };
		EBFF54AC1B3910BA006972D7 /* Sprites.atlas in Resources */ = {isa = PBXBuildFile; fileRef = EBFF54AB1B3910BA006972D7 /* Sprites.atlas */; };
		EBFF54AF1B3911E5006972D7 /* Cookie.m in Sources */ = {isa = PBXBuildFile; fileRef = EBFF54AE1B3911E5006972D7 /* Cookie.m */; };
		EBFF54B21B3912B6006972D7 /* Level.m in Sources */ = {isa = PBXBuildFile; fileRef = EBFF54B11B3912B6006972D7 /* Level.m */; };
		EBFF54B51B391928006972D7 /* Tile.m in Sources */ = {isa = PBXBuildFile; fileRef = EBFF54B41B391928006972D7 /* Tile.m */; };
		EBFF54B81B3A4869006972D7 /* Swap.m in Sources */ = {isa = PBXBuildFile; fileRef = EBFF54B71B3A4869006972D7 /* Swap.m */; };
/* End PBXBuildFile section */

/* Begin PBXContainerItemProxy section */
		EBFF54981B390B59006972D7 /* PBXContainerItemProxy */ = {
			isa = PBXContainerItemProxy;
			containerPortal = EBFF54711B390B59006972D7 /* Project object */;
			proxyType = 1;
			remoteGlobalIDString = EBFF54781B390B59006972D7;
			remoteInfo = PuzzleQuest;
		};
/* End PBXContainerItemProxy section */

/* Begin PBXFileReference section */
		EBFF54791B390B59006972D7 /* PuzzleQuest.app */ = {isa = PBXFileReference; explicitFileType = wrapper.application; includeInIndex = 0; path = PuzzleQuest.app; sourceTree = BUILT_PRODUCTS_DIR; };
		EBFF547D1B390B59006972D7 /* Info.plist */ = {isa = PBXFileReference; lastKnownFileType = text.plist.xml; path = Info.plist; sourceTree = "<group>"; };
		EBFF547E1B390B59006972D7 /* main.m */ = {isa = PBXFileReference; lastKnownFileType = sourcecode.c.objc; path = main.m; sourceTree = "<group>"; };
		EBFF54801B390B59006972D7 /* AppDelegate.h */ = {isa = PBXFileReference; lastKnownFileType = sourcecode.c.h; path = AppDelegate.h; sourceTree = "<group>"; };
		EBFF54811B390B59006972D7 /* AppDelegate.m */ = {isa = PBXFileReference; lastKnownFileType = sourcecode.c.objc; path = AppDelegate.m; sourceTree = "<group>"; };
		EBFF54831B390B59006972D7 /* GameScene.h */ = {isa = PBXFileReference; lastKnownFileType = sourcecode.c.h; path = GameScene.h; sourceTree = "<group>"; };
		EBFF54841B390B59006972D7 /* GameScene.m */ = {isa = PBXFileReference; lastKnownFileType = sourcecode.c.objc; path = GameScene.m; sourceTree = "<group>"; };
		EBFF54861B390B59006972D7 /* GameScene.sks */ = {isa = PBXFileReference; lastKnownFileType = file.sks; path = GameScene.sks; sourceTree = "<group>"; };
		EBFF54881B390B59006972D7 /* GameViewController.h */ = {isa = PBXFileReference; lastKnownFileType = sourcecode.c.h; path = GameViewController.h; sourceTree = "<group>"; };
		EBFF54891B390B59006972D7 /* GameViewController.m */ = {isa = PBXFileReference; lastKnownFileType = sourcecode.c.objc; path = GameViewController.m; sourceTree = "<group>"; };
		EBFF548C1B390B59006972D7 /* Base */ = {isa = PBXFileReference; lastKnownFileType = file.storyboard; name = Base; path = Base.lproj/Main.storyboard; sourceTree = "<group>"; };
		EBFF548E1B390B59006972D7 /* Images.xcassets */ = {isa = PBXFileReference; lastKnownFileType = folder.assetcatalog; path = Images.xcassets; sourceTree = "<group>"; };
		EBFF54911B390B59006972D7 /* Base */ = {isa = PBXFileReference; lastKnownFileType = file.xib; name = Base; path = Base.lproj/LaunchScreen.xib; sourceTree = "<group>"; };
		EBFF54971B390B59006972D7 /* PuzzleQuestTests.xctest */ = {isa = PBXFileReference; explicitFileType = wrapper.cfbundle; includeInIndex = 0; path = PuzzleQuestTests.xctest; sourceTree = BUILT_PRODUCTS_DIR; };
		EBFF549C1B390B59006972D7 /* Info.plist */ = {isa = PBXFileReference; lastKnownFileType = text.plist.xml; path = Info.plist; sourceTree = "<group>"; };
		EBFF549D1B390B59006972D7 /* PuzzleQuestTests.m */ = {isa = PBXFileReference; lastKnownFileType = sourcecode.c.objc; path = PuzzleQuestTests.m; sourceTree = "<group>"; };
		EBFF54AB1B3910BA006972D7 /* Sprites.atlas */ = {isa = PBXFileReference; lastKnownFileType = folder.skatlas; path = Sprites.atlas; sourceTree = "<group>"; };
		EBFF54AD1B3911E5006972D7 /* Cookie.h */ = {isa = PBXFileReference; fileEncoding = 4; lastKnownFileType = sourcecode.c.h; path = Cookie.h; sourceTree = "<group>"; };
		EBFF54AE1B3911E5006972D7 /* Cookie.m */ = {isa = PBXFileReference; fileEncoding = 4; lastKnownFileType = sourcecode.c.objc; path = Cookie.m; sourceTree = "<group>"; };
		EBFF54B01B3912B6006972D7 /* Level.h */ = {isa = PBXFileReference; fileEncoding = 4; lastKnownFileType = sourcecode.c.h; path = Level.h; sourceTree = "<group>"; };
		EBFF54B11B3912B6006972D7 /* Level.m */ = {isa = PBXFileReference; fileEncoding = 4; lastKnownFileType = sourcecode.c.objc; path = Level.m; sourceTree = "<group>"; };
		EBFF54B31B391928006972D7 /* Tile.h */ = {isa = PBXFileReference; fileEncoding = 4; lastKnownFileType = sourcecode.c.h; path = Tile.h; sourceTree = "<group>"; };
		EBFF54B41B391928006972D7 /* Tile.m */ = {isa = PBXFileReference; fileEncoding = 4; lastKnownFileType = sourcecode.c.objc; path = Tile.m; sourceTree = "<group>"; };
		EBFF54B61B3A4869006972D7 /* Swap.h */ = {isa = PBXFileReference; fileEncoding = 4; lastKnownFileType = sourcecode.c.h; path = Swap.h; sourceTree = "<group>"; };
		EBFF54B71B3A4869006972D7 /* Swap.m */ = {isa = PBXFileReference; fileEncoding = 4; lastKnownFileType = sourcecode.c.objc; path = Swap.m; sourceTree = "<group>"; };
/* End PBXFileReference section */

/* Begin PBXFrameworksBuildPhase section */
		EBFF54761B390B59006972D7 /* Frameworks */ = {
			isa = PBXFrameworksBuildPhase;
			buildActionMask = 2147483647;
			files = (
			);
			runOnlyForDeploymentPostprocessing = 0;
		};
		EBFF54941B390B59006972D7 /* Frameworks */ = {
			isa = PBXFrameworksBuildPhase;
			buildActionMask = 2147483647;
			files = (
			);
			runOnlyForDeploymentPostprocessing = 0;
		};
/* End PBXFrameworksBuildPhase section */

/* Begin PBXGroup section */
		EBFF54701B390B59006972D7 = {
			isa = PBXGroup;
			children = (
				EBFF547B1B390B59006972D7 /* PuzzleQuest */,
				EBFF549A1B390B59006972D7 /* PuzzleQuestTests */,
				EBFF547A1B390B59006972D7 /* Products */,
			);
			sourceTree = "<group>";
		};
		EBFF547A1B390B59006972D7 /* Products */ = {
			isa = PBXGroup;
			children = (
				EBFF54791B390B59006972D7 /* PuzzleQuest.app */,
				EBFF54971B390B59006972D7 /* PuzzleQuestTests.xctest */,
			);
			name = Products;
			sourceTree = "<group>";
		};
		EBFF547B1B390B59006972D7 /* PuzzleQuest */ = {
			isa = PBXGroup;
			children = (
				EBFF54801B390B59006972D7 /* AppDelegate.h */,
				EBFF54811B390B59006972D7 /* AppDelegate.m */,
				EBFF54831B390B59006972D7 /* GameScene.h */,
				EBFF54841B390B59006972D7 /* GameScene.m */,
				EBFF54861B390B59006972D7 /* GameScene.sks */,
				EBFF54881B390B59006972D7 /* GameViewController.h */,
				EBFF54891B390B59006972D7 /* GameViewController.m */,
				EBFF54AB1B3910BA006972D7 /* Sprites.atlas */,
				EBFF548B1B390B59006972D7 /* Main.storyboard */,
				EBFF548E1B390B59006972D7 /* Images.xcassets */,
				EBFF54901B390B59006972D7 /* LaunchScreen.xib */,
				EBFF547C1B390B59006972D7 /* Supporting Files */,
				EBFF54AD1B3911E5006972D7 /* Cookie.h */,
				EBFF54AE1B3911E5006972D7 /* Cookie.m */,
				EBFF54B01B3912B6006972D7 /* Level.h */,
				EBFF54B11B3912B6006972D7 /* Level.m */,
				EBFF54B31B391928006972D7 /* Tile.h */,
				EBFF54B41B391928006972D7 /* Tile.m */,
				EBFF54B61B3A4869006972D7 /* Swap.h */,
				EBFF54B71B3A4869006972D7 /* Swap.m */,
			);
			path = PuzzleQuest;
			sourceTree = "<group>";
		};
		EBFF547C1B390B59006972D7 /* Supporting Files */ = {
			isa = PBXGroup;
			children = (
				EBFF547D1B390B59006972D7 /* Info.plist */,
				EBFF547E1B390B59006972D7 /* main.m */,
			);
			name = "Supporting Files";
			sourceTree = "<group>";
		};
		EBFF549A1B390B59006972D7 /* PuzzleQuestTests */ = {
			isa = PBXGroup;
			children = (
				EBFF549D1B390B59006972D7 /* PuzzleQuestTests.m */,
				EBFF549B1B390B59006972D7 /* Supporting Files */,
			);
			path = PuzzleQuestTests;
			sourceTree = "<group>";
		};
		EBFF549B1B390B59006972D7 /* Supporting Files */ = {
			isa = PBXGroup;
			children = (
				EBFF549C1B390B59006972D7 /* Info.plist */,
			);
			name = "Supporting Files";
			sourceTree = "<group>";
		};
/* End PBXGroup section */

/* Begin PBXNativeTarget section */
		EBFF54781B390B59006972D7 /* PuzzleQuest */ = {
			isa = PBXNativeTarget;
			buildConfigurationList = EBFF54A11B390B59006972D7 /* Build configuration list for PBXNativeTarget "PuzzleQuest" */;
			buildPhases = (
				EBFF54751B390B59006972D7 /* Sources */,
				EBFF54761B390B59006972D7 /* Frameworks */,
				EBFF54771B390B59006972D7 /* Resources */,
			);
			buildRules = (
			);
			dependencies = (
			);
			name = PuzzleQuest;
			productName = PuzzleQuest;
			productReference = EBFF54791B390B59006972D7 /* PuzzleQuest.app */;
			productType = "com.apple.product-type.application";
		};
		EBFF54961B390B59006972D7 /* PuzzleQuestTests */ = {
			isa = PBXNativeTarget;
			buildConfigurationList = EBFF54A41B390B59006972D7 /* Build configuration list for PBXNativeTarget "PuzzleQuestTests" */;
			buildPhases = (
				EBFF54931B390B59006972D7 /* Sources */,
				EBFF54941B390B59006972D7 /* Frameworks */,
				EBFF54951B390B59006972D7 /* Resources */,
			);
			buildRules = (
			);
			dependencies = (
				EBFF54991B390B59006972D7 /* PBXTargetDependency */,
			);
			name = PuzzleQuestTests;
			productName = PuzzleQuestTests;
			productReference = EBFF54971B390B59006972D7 /* PuzzleQuestTests.xctest */;
			productType = "com.apple.product-type.bundle.unit-test";
		};
/* End PBXNativeTarget section */

/* Begin PBXProject section */
		EBFF54711B390B59006972D7 /* Project object */ = {
			isa = PBXProject;
			attributes = {
				LastUpgradeCheck = 0630;
				ORGANIZATIONNAME = "Ken Zheng";
				TargetAttributes = {
					EBFF54781B390B59006972D7 = {
						CreatedOnToolsVersion = 6.3.2;
					};
					EBFF54961B390B59006972D7 = {
						CreatedOnToolsVersion = 6.3.2;
						TestTargetID = EBFF54781B390B59006972D7;
					};
				};
			};
			buildConfigurationList = EBFF54741B390B59006972D7 /* Build configuration list for PBXProject "PuzzleQuest" */;
			compatibilityVersion = "Xcode 3.2";
			developmentRegion = English;
			hasScannedForEncodings = 0;
			knownRegions = (
				en,
				Base,
			);
			mainGroup = EBFF54701B390B59006972D7;
			productRefGroup = EBFF547A1B390B59006972D7 /* Products */;
			projectDirPath = "";
			projectRoot = "";
			targets = (
				EBFF54781B390B59006972D7 /* PuzzleQuest */,
				EBFF54961B390B59006972D7 /* PuzzleQuestTests */,
			);
		};
/* End PBXProject section */

/* Begin PBXResourcesBuildPhase section */
		EBFF54771B390B59006972D7 /* Resources */ = {
			isa = PBXResourcesBuildPhase;
			buildActionMask = 2147483647;
			files = (
				EBFF54921B390B59006972D7 /* LaunchScreen.xib in Resources */,
				EBFF548F1B390B59006972D7 /* Images.xcassets in Resources */,
				EBFF54871B390B59006972D7 /* GameScene.sks in Resources */,
				EBFF548D1B390B59006972D7 /* Main.storyboard in Resources */,
				EBFF54AC1B3910BA006972D7 /* Sprites.atlas in Resources */,
			);
			runOnlyForDeploymentPostprocessing = 0;
		};
		EBFF54951B390B59006972D7 /* Resources */ = {
			isa = PBXResourcesBuildPhase;
			buildActionMask = 2147483647;
			files = (
			);
			runOnlyForDeploymentPostprocessing = 0;
		};
/* End PBXResourcesBuildPhase section */

/* Begin PBXSourcesBuildPhase section */
		EBFF54751B390B59006972D7 /* Sources */ = {
			isa = PBXSourcesBuildPhase;
			buildActionMask = 2147483647;
			files = (
				EBFF54B21B3912B6006972D7 /* Level.m in Sources */,
				EBFF548A1B390B59006972D7 /* GameViewController.m in Sources */,
				EBFF54821B390B59006972D7 /* AppDelegate.m in Sources */,
				EBFF54851B390B59006972D7 /* GameScene.m in Sources */,
				EBFF54B81B3A4869006972D7 /* Swap.m in Sources */,
				EBFF547F1B390B59006972D7 /* main.m in Sources */,
				EBFF54B51B391928006972D7 /* Tile.m in Sources */,
				EBFF54AF1B3911E5006972D7 /* Cookie.m in Sources */,
			);
			runOnlyForDeploymentPostprocessing = 0;
		};
		EBFF54931B390B59006972D7 /* Sources */ = {
			isa = PBXSourcesBuildPhase;
			buildActionMask = 2147483647;
			files = (
				EBFF549E1B390B59006972D7 /* PuzzleQuestTests.m in Sources */,
			);
			runOnlyForDeploymentPostprocessing = 0;
		};
/* End PBXSourcesBuildPhase section */

/* Begin PBXTargetDependency section */
		EBFF54991B390B59006972D7 /* PBXTargetDependency */ = {
			isa = PBXTargetDependency;
			target = EBFF54781B390B59006972D7 /* PuzzleQuest */;
			targetProxy = EBFF54981B390B59006972D7 /* PBXContainerItemProxy */;
		};
/* End PBXTargetDependency section */

/* Begin PBXVariantGroup section */
		EBFF548B1B390B59006972D7 /* Main.storyboard */ = {
			isa = PBXVariantGroup;
			children = (
				EBFF548C1B390B59006972D7 /* Base */,
			);
			name = Main.storyboard;
			sourceTree = "<group>";
		};
		EBFF54901B390B59006972D7 /* LaunchScreen.xib */ = {
			isa = PBXVariantGroup;
			children = (
				EBFF54911B390B59006972D7 /* Base */,
			);
			name = LaunchScreen.xib;
			sourceTree = "<group>";
		};
/* End PBXVariantGroup section */

/* Begin XCBuildConfiguration section */
		EBFF549F1B390B59006972D7 /* Debug */ = {
			isa = XCBuildConfiguration;
			buildSettings = {
				ALWAYS_SEARCH_USER_PATHS = NO;
				CLANG_CXX_LANGUAGE_STANDARD = "gnu++0x";
				CLANG_CXX_LIBRARY = "libc++";
				CLANG_ENABLE_MODULES = YES;
				CLANG_ENABLE_OBJC_ARC = YES;
				CLANG_WARN_BOOL_CONVERSION = YES;
				CLANG_WARN_CONSTANT_CONVERSION = YES;
				CLANG_WARN_DIRECT_OBJC_ISA_USAGE = YES_ERROR;
				CLANG_WARN_EMPTY_BODY = YES;
				CLANG_WARN_ENUM_CONVERSION = YES;
				CLANG_WARN_INT_CONVERSION = YES;
				CLANG_WARN_OBJC_ROOT_CLASS = YES_ERROR;
				CLANG_WARN_UNREACHABLE_CODE = YES;
				CLANG_WARN__DUPLICATE_METHOD_MATCH = YES;
				"CODE_SIGN_IDENTITY[sdk=iphoneos*]" = "iPhone Developer";
				COPY_PHASE_STRIP = NO;
				DEBUG_INFORMATION_FORMAT = "dwarf-with-dsym";
				ENABLE_STRICT_OBJC_MSGSEND = YES;
				GCC_C_LANGUAGE_STANDARD = gnu99;
				GCC_DYNAMIC_NO_PIC = NO;
				GCC_NO_COMMON_BLOCKS = YES;
				GCC_OPTIMIZATION_LEVEL = 0;
				GCC_PREPROCESSOR_DEFINITIONS = (
					"DEBUG=1",
					"$(inherited)",
				);
				GCC_SYMBOLS_PRIVATE_EXTERN = NO;
				GCC_WARN_64_TO_32_BIT_CONVERSION = YES;
				GCC_WARN_ABOUT_RETURN_TYPE = YES_ERROR;
				GCC_WARN_UNDECLARED_SELECTOR = YES;
				GCC_WARN_UNINITIALIZED_AUTOS = YES_AGGRESSIVE;
				GCC_WARN_UNUSED_FUNCTION = YES;
				GCC_WARN_UNUSED_VARIABLE = YES;
				IPHONEOS_DEPLOYMENT_TARGET = 8.3;
				MTL_ENABLE_DEBUG_INFO = YES;
				ONLY_ACTIVE_ARCH = YES;
				SDKROOT = iphoneos;
			};
			name = Debug;
		};
		EBFF54A01B390B59006972D7 /* Release */ = {
			isa = XCBuildConfiguration;
			buildSettings = {
				ALWAYS_SEARCH_USER_PATHS = NO;
				CLANG_CXX_LANGUAGE_STANDARD = "gnu++0x";
				CLANG_CXX_LIBRARY = "libc++";
				CLANG_ENABLE_MODULES = YES;
				CLANG_ENABLE_OBJC_ARC = YES;
				CLANG_WARN_BOOL_CONVERSION = YES;
				CLANG_WARN_CONSTANT_CONVERSION = YES;
				CLANG_WARN_DIRECT_OBJC_ISA_USAGE = YES_ERROR;
				CLANG_WARN_EMPTY_BODY = YES;
				CLANG_WARN_ENUM_CONVERSION = YES;
				CLANG_WARN_INT_CONVERSION = YES;
				CLANG_WARN_OBJC_ROOT_CLASS = YES_ERROR;
				CLANG_WARN_UNREACHABLE_CODE = YES;
				CLANG_WARN__DUPLICATE_METHOD_MATCH = YES;
				"CODE_SIGN_IDENTITY[sdk=iphoneos*]" = "iPhone Developer";
				COPY_PHASE_STRIP = NO;
				DEBUG_INFORMATION_FORMAT = "dwarf-with-dsym";
				ENABLE_NS_ASSERTIONS = NO;
				ENABLE_STRICT_OBJC_MSGSEND = YES;
				GCC_C_LANGUAGE_STANDARD = gnu99;
				GCC_NO_COMMON_BLOCKS = YES;
				GCC_WARN_64_TO_32_BIT_CONVERSION = YES;
				GCC_WARN_ABOUT_RETURN_TYPE = YES_ERROR;
				GCC_WARN_UNDECLARED_SELECTOR = YES;
				GCC_WARN_UNINITIALIZED_AUTOS = YES_AGGRESSIVE;
				GCC_WARN_UNUSED_FUNCTION = YES;
				GCC_WARN_UNUSED_VARIABLE = YES;
				IPHONEOS_DEPLOYMENT_TARGET = 8.3;
				MTL_ENABLE_DEBUG_INFO = NO;
				SDKROOT = iphoneos;
				VALIDATE_PRODUCT = YES;
			};
			name = Release;
		};
		EBFF54A21B390B59006972D7 /* Debug */ = {
			isa = XCBuildConfiguration;
			buildSettings = {
				ASSETCATALOG_COMPILER_APPICON_NAME = AppIcon;
				INFOPLIST_FILE = PuzzleQuest/Info.plist;
				LD_RUNPATH_SEARCH_PATHS = "$(inherited) @executable_path/Frameworks";
				PRODUCT_NAME = "$(TARGET_NAME)";
			};
			name = Debug;
		};
		EBFF54A31B390B59006972D7 /* Release */ = {
			isa = XCBuildConfiguration;
			buildSettings = {
				ASSETCATALOG_COMPILER_APPICON_NAME = AppIcon;
				INFOPLIST_FILE = PuzzleQuest/Info.plist;
				LD_RUNPATH_SEARCH_PATHS = "$(inherited) @executable_path/Frameworks";
				PRODUCT_NAME = "$(TARGET_NAME)";
			};
			name = Release;
		};
		EBFF54A51B390B59006972D7 /* Debug */ = {
			isa = XCBuildConfiguration;
			buildSettings = {
				BUNDLE_LOADER = "$(TEST_HOST)";
				FRAMEWORK_SEARCH_PATHS = (
					"$(SDKROOT)/Developer/Library/Frameworks",
					"$(inherited)",
				);
				GCC_PREPROCESSOR_DEFINITIONS = (
					"DEBUG=1",
					"$(inherited)",
				);
				INFOPLIST_FILE = PuzzleQuestTests/Info.plist;
				LD_RUNPATH_SEARCH_PATHS = "$(inherited) @executable_path/Frameworks @loader_path/Frameworks";
				PRODUCT_NAME = "$(TARGET_NAME)";
				TEST_HOST = "$(BUILT_PRODUCTS_DIR)/PuzzleQuest.app/PuzzleQuest";
			};
			name = Debug;
		};
		EBFF54A61B390B59006972D7 /* Release */ = {
			isa = XCBuildConfiguration;
			buildSettings = {
				BUNDLE_LOADER = "$(TEST_HOST)";
				FRAMEWORK_SEARCH_PATHS = (
					"$(SDKROOT)/Developer/Library/Frameworks",
					"$(inherited)",
				);
				INFOPLIST_FILE = PuzzleQuestTests/Info.plist;
				LD_RUNPATH_SEARCH_PATHS = "$(inherited) @executable_path/Frameworks @loader_path/Frameworks";
				PRODUCT_NAME = "$(TARGET_NAME)";
				TEST_HOST = "$(BUILT_PRODUCTS_DIR)/PuzzleQuest.app/PuzzleQuest";
			};
			name = Release;
		};
/* End XCBuildConfiguration section */

/* Begin XCConfigurationList section */
		EBFF54741B390B59006972D7 /* Build configuration list for PBXProject "PuzzleQuest" */ = {
			isa = XCConfigurationList;
			buildConfigurations = (
				EBFF549F1B390B59006972D7 /* Debug */,
				EBFF54A01B390B59006972D7 /* Release */,
			);
			defaultConfigurationIsVisible = 0;
			defaultConfigurationName = Release;
		};
		EBFF54A11B390B59006972D7 /* Build configuration list for PBXNativeTarget "PuzzleQuest" */ = {
			isa = XCConfigurationList;
			buildConfigurations = (
				EBFF54A21B390B59006972D7 /* Debug */,
				EBFF54A31B390B59006972D7 /* Release */,
			);
			defaultConfigurationIsVisible = 0;
			defaultConfigurationName = Release;
		};
		EBFF54A41B390B59006972D7 /* Build configuration list for PBXNativeTarget "PuzzleQuestTests" */ = {
			isa = XCConfigurationList;
			buildConfigurations = (
				EBFF54A51B390B59006972D7 /* Debug */,
				EBFF54A61B390B59006972D7 /* Release */,
			);
			defaultConfigurationIsVisible = 0;
			defaultConfigurationName = Release;
		};
/* End XCConfigurationList section */
	};
	rootObject = EBFF54711B390B59006972D7 /* Project object */;
}
